
Microsoft Visual Studio Solution File, Format Version 12.00
# Visual Studio 15
VisualStudioVersion = 15.0.27703.2018
MinimumVisualStudioVersion = 10.0.40219.1
Project("{FAE04EC0-301F-11D3-BF4B-00C04F79EFBC}") = "GoogleAccessTokenAuthorization", "GoogleAccessTokenAuthorization\GoogleAccessTokenAuthorization.csproj", "{343BF118-72F9-41EB-BF77-7FD36988597A}"
EndProject
Global
	GlobalSection(SolutionConfigurationPlatforms) = preSolution
		Debug|Any CPU = Debug|Any CPU
		Release|Any CPU = Release|Any CPU
	EndGlobalSection
	GlobalSection(ProjectConfigurationPlatforms) = postSolution
		{343BF118-72F9-41EB-BF77-7FD36988597A}.Debug|Any CPU.ActiveCfg = Debug|Any CPU
		{343BF118-72F9-41EB-BF77-7FD36988597A}.Debug|Any CPU.Build.0 = Debug|Any CPU
		{343BF118-72F9-41EB-BF77-7FD36988597A}.Release|Any CPU.ActiveCfg = Release|Any CPU
		{343BF118-72F9-41EB-BF77-7FD36988597A}.Release|Any CPU.Build.0 = Release|Any CPU
	EndGlobalSection
	GlobalSection(SolutionProperties) = preSolution
		HideSolutionNode = FALSE
	EndGlobalSection
	GlobalSection(ExtensibilityGlobals) = postSolution
		SolutionGuid = {C372E569-4794-4D01-A62B-A8E59D02E5F5}
	EndGlobalSection
EndGlobal
